{
    "_meta": {
        "hash": {
            "sha256": "21c3eb302e623499cbb26013caba3d642fcb446a9208a9a335929170e5283ba2"
        },
        "pipfile-spec": 6,
        "requires": {
            "python_version": "3.9"
        },
        "sources": [
            {
                "name": "pypi",
                "url": "https://pypi.org/simple",
                "verify_ssl": true
            }
        ]
    },
    "default": {
        "alembic": {
            "hashes": [
                "sha256:0a024d7f2de88d738d7395ff866997314c837be6104e90c5724350313dee4da4",
                "sha256:cd0b5e45b14b706426b833f06369b9a6d5ee03f826ec3238723ce8caaf6e5ffa"
            ],
            "index": "pypi",
            "version": "==1.8.1"
        },
        "aniso8601": {
            "hashes": [
                "sha256:1d2b7ef82963909e93c4f24ce48d4de9e66009a21bf1c1e1c85bdd0812fe412f",
                "sha256:72e3117667eedf66951bb2d93f4296a56b94b078a8a95905a052611fb3f1b973"
            ],
            "index": "pypi",
            "version": "==9.0.1"
        },
        "attrs": {
            "hashes": [
                "sha256:29adc2665447e5191d0e7c568fde78b21f9672d344281d0c6e1ab085429b22b6",
                "sha256:86efa402f67bf2df34f51a335487cf46b1ec130d02b8d39fd248abfd30da551c"
            ],
            "index": "pypi",
            "version": "==22.1.0"
        },
        "bidict": {
            "hashes": [
                "sha256:415126d23a0c81e1a8c584a8fb1f6905ea090c772571803aeee0a2242e8e7ba0",
                "sha256:5c826b3e15e97cc6e615de295756847c282a79b79c5430d3bfc909b1ac9f5bd8"
            ],
            "index": "pypi",
            "version": "==0.22.0"
        },
        "click": {
            "hashes": [
                "sha256:7682dc8afb30297001674575ea00d1814d808d6a36af415a82bd481d37ba7b8e",
                "sha256:bb4d8133cb15a609f44e8213d9b391b0809795062913b383c62be0ee95b1db48"
            ],
            "index": "pypi",
            "version": "==8.1.3"
        },
        "colorama": {
            "hashes": [
                "sha256:08695f5cb7ed6e0531a20572697297273c47b8cae5a63ffc6d6ed5c201be6e44",
                "sha256:4f1d9991f5acc0ca119f9d443620b77f9d6b33703e51011c16baf57afb285fc6"
            ],
            "index": "pypi",
            "version": "==0.4.6"
        },
        "dnspython": {
            "hashes": [
                "sha256:0f7569a4a6ff151958b64304071d370daa3243d15941a7beedf0c9fe5105603e",
                "sha256:a851e51367fb93e9e1361732c1d60dab63eff98712e503ea7d92e6eccb109b4f"
            ],
            "index": "pypi",
            "version": "==2.2.1"
        },
        "email-validator": {
            "hashes": [
                "sha256:5675c8ceb7106a37e40e2698a57c056756bf3f272cfa8682a4f87ebd95d8440b",
                "sha256:aa237a65f6f4da067119b7df3f13e89c25c051327b2b5b66dc075f33d62480d7"
            ],
            "index": "pypi",
            "version": "==1.1.3"
        },
        "flask": {
            "hashes": [
                "sha256:7b2fb8e934ddd50731893bdcdb00fc8c0315916f9fcd50d22c7cc1a95ab634e2",
                "sha256:cb90f62f1d8e4dc4621f52106613488b5ba826b2e1e10a33eac92f723093ab6a"
            ],
            "index": "pypi",
            "version": "==2.0.2"
        },
        "flask-login": {
            "hashes": [
                "sha256:6d33aef15b5bcead780acc339464aae8a6e28f13c90d8b1cf9de8b549d1c0b4b",
                "sha256:7451b5001e17837ba58945aead261ba425fdf7b4f0448777e597ddab39f4fba0"
            ],
            "index": "pypi",
            "version": "==0.5.0"
        },
        "flask-migrate": {
            "hashes": [
                "sha256:57d6060839e3a7f150eaab6fe4e726d9e3e7cffe2150fb223d73f92421c6d1d9",
                "sha256:a6498706241aba6be7a251078de9cf166d74307bca41a4ca3e403c9d39e2f897"
            ],
            "index": "pypi",
            "version": "==3.1.0"
        },
        "flask-minify": {
            "hashes": [
                "sha256:4b8bf2adb44d475ae047c2a799fff6fbd5305baa77f6af26a656b747f15fe334",
                "sha256:b55cbb660fa100b0218bc8946e34737a1ca55af87268758cdae928bc8ab87aab"
            ],
            "index": "pypi",
            "version": "==0.37"
        },
        "flask-restx": {
            "hashes": [
                "sha256:63c69a61999a34f1774eaccc6fc8c7f504b1aad7d56a8ec672264e52d9ac05f4",
                "sha256:96157547acaa8892adcefd8c60abf9040212ac2a8634937a82946e07b46147fd"
            ],
            "index": "pypi",
            "version": "==0.5.1"
        },
        "flask-socketio": {
            "hashes": [
                "sha256:04093e3ca144467f9731c376796aff105d182ac4cccfcb056d05d567a675f306",
                "sha256:11d1d78b8805cda351b27828a110b88c74a573be62b07f7f5a519fb67fae0a58"
            ],
            "index": "pypi",
            "version": "==5.3.2"
        },
        "flask-sqlalchemy": {
            "hashes": [
                "sha256:2bda44b43e7cacb15d4e05ff3cc1f8bc97936cc464623424102bfc2c35e95912",
                "sha256:f12c3d4cc5cc7fdcc148b9527ea05671718c3ea45d50c7e732cceb33f574b390"
            ],
            "index": "pypi",
            "version": "==2.5.1"
        },
        "flask-wtf": {
            "hashes": [
                "sha256:01feccfc395405cea48a3f36c23f0d766e2cc6fd2a5a065ad50ad3e5827ec797",
                "sha256:872fbb17b5888bfc734edbdcf45bc08fb365ca39f69d25dc752465a455517b28"
            ],
            "index": "pypi",
            "version": "==1.0.0"
        },
        "greenlet": {
            "hashes": [
                "sha256:0109af1138afbfb8ae647e31a2b1ab030f58b21dd8528c27beaeb0093b7938a9",
                "sha256:0459d94f73265744fee4c2d5ec44c6f34aa8a31017e6e9de770f7bcf29710be9",
                "sha256:04957dc96669be041e0c260964cfef4c77287f07c40452e61abe19d647505581",
                "sha256:0722c9be0797f544a3ed212569ca3fe3d9d1a1b13942d10dd6f0e8601e484d26",
                "sha256:097e3dae69321e9100202fc62977f687454cd0ea147d0fd5a766e57450c569fd",
                "sha256:0b493db84d124805865adc587532ebad30efa68f79ad68f11b336e0a51ec86c2",
                "sha256:13ba6e8e326e2116c954074c994da14954982ba2795aebb881c07ac5d093a58a",
                "sha256:13ebf93c343dd8bd010cd98e617cb4c1c1f352a0cf2524c82d3814154116aa82",
                "sha256:1407fe45246632d0ffb7a3f4a520ba4e6051fc2cbd61ba1f806900c27f47706a",
                "sha256:1bf633a50cc93ed17e494015897361010fc08700d92676c87931d3ea464123ce",
                "sha256:2d0bac0385d2b43a7bd1d651621a4e0f1380abc63d6fb1012213a401cbd5bf8f",
                "sha256:3001d00eba6bbf084ae60ec7f4bb8ed375748f53aeaefaf2a37d9f0370558524",
                "sha256:356e4519d4dfa766d50ecc498544b44c0249b6de66426041d7f8b751de4d6b48",
                "sha256:38255a3f1e8942573b067510f9611fc9e38196077b0c8eb7a8c795e105f9ce77",
                "sha256:3d75b8d013086b08e801fbbb896f7d5c9e6ccd44f13a9241d2bf7c0df9eda928",
                "sha256:41b825d65f31e394b523c84db84f9383a2f7eefc13d987f308f4663794d2687e",
                "sha256:42e602564460da0e8ee67cb6d7236363ee5e131aa15943b6670e44e5c2ed0f67",
                "sha256:4aeaebcd91d9fee9aa768c1b39cb12214b30bf36d2b7370505a9f2165fedd8d9",
                "sha256:4c8b1c43e75c42a6cafcc71defa9e01ead39ae80bd733a2608b297412beede68",
                "sha256:4d37990425b4687ade27810e3b1a1c37825d242ebc275066cfee8cb6b8829ccd",
                "sha256:4f09b0010e55bec3239278f642a8a506b91034f03a4fb28289a7d448a67f1515",
                "sha256:505138d4fa69462447a562a7c2ef723c6025ba12ac04478bc1ce2fcc279a2db5",
                "sha256:5067920de254f1a2dee8d3d9d7e4e03718e8fd2d2d9db962c8c9fa781ae82a39",
                "sha256:56961cfca7da2fdd178f95ca407fa330c64f33289e1804b592a77d5593d9bd94",
                "sha256:5a8e05057fab2a365c81abc696cb753da7549d20266e8511eb6c9d9f72fe3e92",
                "sha256:659f167f419a4609bc0516fb18ea69ed39dbb25594934bd2dd4d0401660e8a1e",
                "sha256:662e8f7cad915ba75d8017b3e601afc01ef20deeeabf281bd00369de196d7726",
                "sha256:6f61d71bbc9b4a3de768371b210d906726535d6ca43506737682caa754b956cd",
                "sha256:72b00a8e7c25dcea5946692a2485b1a0c0661ed93ecfedfa9b6687bd89a24ef5",
                "sha256:811e1d37d60b47cb8126e0a929b58c046251f28117cb16fcd371eed61f66b764",
                "sha256:81b0ea3715bf6a848d6f7149d25bf018fd24554a4be01fcbbe3fdc78e890b955",
                "sha256:88c8d517e78acdf7df8a2134a3c4b964415b575d2840a2746ddb1cc6175f8608",
                "sha256:8dca09dedf1bd8684767bc736cc20c97c29bc0c04c413e3276e0962cd7aeb148",
                "sha256:974a39bdb8c90a85982cdb78a103a32e0b1be986d411303064b28a80611f6e51",
                "sha256:9e112e03d37987d7b90c1e98ba5e1b59e1645226d78d73282f45b326f7bddcb9",
                "sha256:9e9744c657d896c7b580455e739899e492a4a452e2dd4d2b3e459f6b244a638d",
                "sha256:9ed358312e63bf683b9ef22c8e442ef6c5c02973f0c2a939ec1d7b50c974015c",
                "sha256:9f2c221eecb7ead00b8e3ddb913c67f75cba078fd1d326053225a3f59d850d72",
                "sha256:a20d33124935d27b80e6fdacbd34205732660e0a1d35d8b10b3328179a2b51a1",
                "sha256:a4c0757db9bd08470ff8277791795e70d0bf035a011a528ee9a5ce9454b6cba2",
                "sha256:afe07421c969e259e9403c3bb658968702bc3b78ec0b6fde3ae1e73440529c23",
                "sha256:b1992ba9d4780d9af9726bbcef6a1db12d9ab1ccc35e5773685a24b7fb2758eb",
                "sha256:b23d2a46d53210b498e5b701a1913697671988f4bf8e10f935433f6e7c332fb6",
                "sha256:b5e83e4de81dcc9425598d9469a624826a0b1211380ac444c7c791d4a2137c19",
                "sha256:be35822f35f99dcc48152c9839d0171a06186f2d71ef76dc57fa556cc9bf6b45",
                "sha256:be9e0fb2ada7e5124f5282d6381903183ecc73ea019568d6d63d33f25b2a9000",
                "sha256:c140e7eb5ce47249668056edf3b7e9900c6a2e22fb0eaf0513f18a1b2c14e1da",
                "sha256:c6a08799e9e88052221adca55741bf106ec7ea0710bca635c208b751f0d5b617",
                "sha256:cb242fc2cda5a307a7698c93173d3627a2a90d00507bccf5bc228851e8304963",
                "sha256:cce1e90dd302f45716a7715517c6aa0468af0bf38e814ad4eab58e88fc09f7f7",
                "sha256:cd4ccc364cf75d1422e66e247e52a93da6a9b73cefa8cad696f3cbbb75af179d",
                "sha256:d21681f09e297a5adaa73060737e3aa1279a13ecdcfcc6ef66c292cb25125b2d",
                "sha256:d38ffd0e81ba8ef347d2be0772e899c289b59ff150ebbbbe05dc61b1246eb4e0",
                "sha256:d566b82e92ff2e09dd6342df7e0eb4ff6275a3f08db284888dcd98134dbd4243",
                "sha256:d5b0ff9878333823226d270417f24f4d06f235cb3e54d1103b71ea537a6a86ce",
                "sha256:d6ee1aa7ab36475035eb48c01efae87d37936a8173fc4d7b10bb02c2d75dd8f6",
                "sha256:db38f80540083ea33bdab614a9d28bcec4b54daa5aff1668d7827a9fc769ae0a",
                "sha256:ea688d11707d30e212e0110a1aac7f7f3f542a259235d396f88be68b649e47d1",
                "sha256:f6327b6907b4cb72f650a5b7b1be23a2aab395017aa6f1adb13069d66360eb3f",
                "sha256:fb412b7db83fe56847df9c47b6fe3f13911b06339c2aa02dcc09dce8bbf582cd"
            ],
            "index": "pypi",
            "version": "==2.0.1"
        },
        "gunicorn": {
            "hashes": [
                "sha256:9dcc4547dbb1cb284accfb15ab5667a0e5d1881cc443e0677b4882a4067a807e",
                "sha256:e0a968b5ba15f8a328fdfd7ab1fcb5af4470c28aaf7e55df02a99bc13138e6e8"
            ],
            "index": "pypi",
            "version": "==20.1.0"
        },
        "htmlmin": {
            "hashes": [
                "sha256:50c1ef4630374a5d723900096a961cff426dff46b48f34d194a81bbe14eca178"
            ],
            "index": "pypi",
            "version": "==0.1.12"
        },
        "idna": {
            "hashes": [
                "sha256:814f528e8dead7d329833b91c5faa87d60bf71824cd12a7530b5526063d02cb4",
                "sha256:90b77e79eaa3eba6de819a0c442c0b4ceefc341a7a2ab77d7562bf49f425c5c2"
            ],
            "index": "pypi",
            "version": "==3.4"
        },
        "importlib-metadata": {
            "hashes": [
                "sha256:d5059f9f1e8e41f80e9c56c2ee58811450c31984dfa625329ffd7c0dad88a73b",
                "sha256:d84d17e21670ec07990e1044a99efe8d615d860fd176fc29ef5c306068fda313"
            ],
            "index": "pypi",
            "version": "==5.1.0"
        },
        "importlib-resources": {
            "hashes": [
                "sha256:c01b1b94210d9849f286b86bb51bcea7cd56dde0600d8db721d7b81330711668",
                "sha256:ee17ec648f85480d523596ce49eae8ead87d5631ae1551f913c0100b5edd3437"
            ],
            "index": "pypi",
            "version": "==5.10.0"
        },
        "itsdangerous": {
            "hashes": [
                "sha256:2c2349112351b88699d8d4b6b075022c0808887cb7ad10069318a8b0bc88db44",
                "sha256:5dbbc68b317e5e42f327f9021763545dc3fc3bfe22e6deb96aaf1fc38874156a"
            ],
            "index": "pypi",
            "version": "==2.1.2"
        },
        "jinja2": {
            "hashes": [
                "sha256:827a0e32839ab1600d4eb1c4c33ec5a8edfbc5cb42dafa13b81f182f97784b45",
                "sha256:8569982d3f0889eed11dd620c706d39b60c36d6d25843961f33f77fb6bc6b20c"
            ],
            "index": "pypi",
            "version": "==3.0.2"
        },
        "jsmin": {
            "hashes": [
                "sha256:c0959a121ef94542e807a674142606f7e90214a2b3d1eb17300244bbb5cc2bfc"
            ],
            "index": "pypi",
            "version": "==3.0.1"
        },
        "jsonschema": {
            "hashes": [
                "sha256:0f864437ab8b6076ba6707453ef8f98a6a0d512a80e93f8abdb676f737ecb60d",
                "sha256:a870ad254da1a8ca84b6a2905cac29d265f805acc57af304784962a2aa6508f6"
            ],
            "index": "pypi",
            "version": "==4.17.3"
        },
        "lesscpy": {
            "hashes": [
                "sha256:1045d17a98f688646ca758dff254e6e9c03745648e051a081b0395c3b77c824c",
                "sha256:8d26e58ed4812b345c2896daea435a28cb3182f87ae3391157085255d4c37dff"
            ],
            "index": "pypi",
            "version": "==0.15.1"
        },
        "mako": {
            "hashes": [
                "sha256:c97c79c018b9165ac9922ae4f32da095ffd3c4e6872b45eded42926deea46818",
                "sha256:d60a3903dc3bb01a18ad6a89cdbe2e4eadc69c0bc8ef1e3773ba53d44c3f7a34"
            ],
            "index": "pypi",
            "version": "==1.2.4"
        },
        "markupsafe": {
            "hashes": [
                "sha256:0212a68688482dc52b2d45013df70d169f542b7394fc744c02a57374a4207003",
                "sha256:089cf3dbf0cd6c100f02945abeb18484bd1ee57a079aefd52cffd17fba910b88",
                "sha256:10c1bfff05d95783da83491be968e8fe789263689c02724e0c691933c52994f5",
                "sha256:33b74d289bd2f5e527beadcaa3f401e0df0a89927c1559c8566c066fa4248ab7",
                "sha256:3799351e2336dc91ea70b034983ee71cf2f9533cdff7c14c90ea126bfd95d65a",
                "sha256:3ce11ee3f23f79dbd06fb3d63e2f6af7b12db1d46932fe7bd8afa259a5996603",
                "sha256:421be9fbf0ffe9ffd7a378aafebbf6f4602d564d34be190fc19a193232fd12b1",
                "sha256:43093fb83d8343aac0b1baa75516da6092f58f41200907ef92448ecab8825135",
                "sha256:46d00d6cfecdde84d40e572d63735ef81423ad31184100411e6e3388d405e247",
                "sha256:4a33dea2b688b3190ee12bd7cfa29d39c9ed176bda40bfa11099a3ce5d3a7ac6",
                "sha256:4b9fe39a2ccc108a4accc2676e77da025ce383c108593d65cc909add5c3bd601",
                "sha256:56442863ed2b06d19c37f94d999035e15ee982988920e12a5b4ba29b62ad1f77",
                "sha256:671cd1187ed5e62818414afe79ed29da836dde67166a9fac6d435873c44fdd02",
                "sha256:694deca8d702d5db21ec83983ce0bb4b26a578e71fbdbd4fdcd387daa90e4d5e",
                "sha256:6a074d34ee7a5ce3effbc526b7083ec9731bb3cbf921bbe1d3005d4d2bdb3a63",
                "sha256:6d0072fea50feec76a4c418096652f2c3238eaa014b2f94aeb1d56a66b41403f",
                "sha256:6fbf47b5d3728c6aea2abb0589b5d30459e369baa772e0f37a0320185e87c980",
                "sha256:7f91197cc9e48f989d12e4e6fbc46495c446636dfc81b9ccf50bb0ec74b91d4b",
                "sha256:86b1f75c4e7c2ac2ccdaec2b9022845dbb81880ca318bb7a0a01fbf7813e3812",
                "sha256:8dc1c72a69aa7e082593c4a203dcf94ddb74bb5c8a731e4e1eb68d031e8498ff",
                "sha256:8e3dcf21f367459434c18e71b2a9532d96547aef8a871872a5bd69a715c15f96",
                "sha256:8e576a51ad59e4bfaac456023a78f6b5e6e7651dcd383bcc3e18d06f9b55d6d1",
                "sha256:96e37a3dc86e80bf81758c152fe66dbf60ed5eca3d26305edf01892257049925",
                "sha256:97a68e6ada378df82bc9f16b800ab77cbf4b2fada0081794318520138c088e4a",
                "sha256:99a2a507ed3ac881b975a2976d59f38c19386d128e7a9a18b7df6fff1fd4c1d6",
                "sha256:a49907dd8420c5685cfa064a1335b6754b74541bbb3706c259c02ed65b644b3e",
                "sha256:b09bf97215625a311f669476f44b8b318b075847b49316d3e28c08e41a7a573f",
                "sha256:b7bd98b796e2b6553da7225aeb61f447f80a1ca64f41d83612e6139ca5213aa4",
                "sha256:b87db4360013327109564f0e591bd2a3b318547bcef31b468a92ee504d07ae4f",
                "sha256:bcb3ed405ed3222f9904899563d6fc492ff75cce56cba05e32eff40e6acbeaa3",
                "sha256:d4306c36ca495956b6d568d276ac11fdd9c30a36f1b6eb928070dc5360b22e1c",
                "sha256:d5ee4f386140395a2c818d149221149c54849dfcfcb9f1debfe07a8b8bd63f9a",
                "sha256:dda30ba7e87fbbb7eab1ec9f58678558fd9a6b8b853530e176eabd064da81417",
                "sha256:e04e26803c9c3851c931eac40c695602c6295b8d432cbe78609649ad9bd2da8a",
                "sha256:e1c0b87e09fa55a220f058d1d49d3fb8df88fbfab58558f1198e08c1e1de842a",
                "sha256:e72591e9ecd94d7feb70c1cbd7be7b3ebea3f548870aa91e2732960fa4d57a37",
                "sha256:e8c843bbcda3a2f1e3c2ab25913c80a3c5376cd00c6e8c4a86a89a28c8dc5452",
                "sha256:efc1913fd2ca4f334418481c7e595c00aad186563bbc1ec76067848c7ca0a933",
                "sha256:f121a1420d4e173a5d96e47e9a0c0dcff965afdf1626d28de1460815f7c4ee7a",
                "sha256:fc7b548b17d238737688817ab67deebb30e8073c95749d55538ed473130ec0c7"
            ],
            "index": "pypi",
            "version": "==2.1.1"
        },
        "numpy": {
            "hashes": [
                "sha256:01dd17cbb340bf0fc23981e52e1d18a9d4050792e8fb8363cecbf066a84b827d",
                "sha256:06005a2ef6014e9956c09ba07654f9837d9e26696a0470e42beedadb78c11b07",
                "sha256:09b7847f7e83ca37c6e627682f145856de331049013853f344f37b0c9690e3df",
                "sha256:0aaee12d8883552fadfc41e96b4c82ee7d794949e2a7c3b3a7201e968c7ecab9",
                "sha256:0cbe9848fad08baf71de1a39e12d1b6310f1d5b2d0ea4de051058e6e1076852d",
                "sha256:1b1766d6f397c18153d40015ddfc79ddb715cabadc04d2d228d4e5a8bc4ded1a",
                "sha256:33161613d2269025873025b33e879825ec7b1d831317e68f4f2f0f84ed14c719",
                "sha256:5039f55555e1eab31124a5768898c9e22c25a65c1e0037f4d7c495a45778c9f2",
                "sha256:522e26bbf6377e4d76403826ed689c295b0b238f46c28a7251ab94716da0b280",
                "sha256:56e454c7833e94ec9769fa0f86e6ff8e42ee38ce0ce1fa4cbb747ea7e06d56aa",
                "sha256:58f545efd1108e647604a1b5aa809591ccd2540f468a880bedb97247e72db387",
                "sha256:5e05b1c973a9f858c74367553e236f287e749465f773328c8ef31abe18f691e1",
                "sha256:7903ba8ab592b82014713c491f6c5d3a1cde5b4a3bf116404e08f5b52f6daf43",
                "sha256:8969bfd28e85c81f3f94eb4a66bc2cf1dbdc5c18efc320af34bffc54d6b1e38f",
                "sha256:92c8c1e89a1f5028a4c6d9e3ccbe311b6ba53694811269b992c0b224269e2398",
                "sha256:9c88793f78fca17da0145455f0d7826bcb9f37da4764af27ac945488116efe63",
                "sha256:a7ac231a08bb37f852849bbb387a20a57574a97cfc7b6cabb488a4fc8be176de",
                "sha256:abdde9f795cf292fb9651ed48185503a2ff29be87770c3b8e2a14b0cd7aa16f8",
                "sha256:af1da88f6bc3d2338ebbf0e22fe487821ea4d8e89053e25fa59d1d79786e7481",
                "sha256:b2a9ab7c279c91974f756c84c365a669a887efa287365a8e2c418f8b3ba73fb0",
                "sha256:bf837dc63ba5c06dc8797c398db1e223a466c7ece27a1f7b5232ba3466aafe3d",
                "sha256:ca51fcfcc5f9354c45f400059e88bc09215fb71a48d3768fb80e357f3b457e1e",
                "sha256:ce571367b6dfe60af04e04a1834ca2dc5f46004ac1cc756fb95319f64c095a96",
                "sha256:d208a0f8729f3fb790ed18a003f3a57895b989b40ea4dce4717e9cf4af62c6bb",
                "sha256:dbee87b469018961d1ad79b1a5d50c0ae850000b639bcb1b694e9981083243b6",
                "sha256:e9f4c4e51567b616be64e05d517c79a8a22f3606499941d97bb76f2ca59f982d",
                "sha256:f063b69b090c9d918f9df0a12116029e274daf0181df392839661c4c7ec9018a",
                "sha256:f9a909a8bae284d46bbfdefbdd4a262ba19d3bc9921b1e76126b1d21c3c34135"
            ],
            "index": "pypi",
            "version": "==1.23.5"
        },
        "opencv-python": {
            "hashes": [
                "sha256:0dc82a3d8630c099d2f3ac1b1aabee164e8188db54a786abb7a4e27eba309440",
                "sha256:5af8ba35a4fcb8913ffb86e92403e9a656a4bff4a645d196987468f0f8947875",
                "sha256:6e32af22e3202748bd233ed8f538741876191863882eba44e332d1a34993165b",
                "sha256:c5bfae41ad4031e66bb10ec4a0a2ffd3e514d092652781e8b1ac98d1b59f1158",
                "sha256:dbdc84a9b4ea2cbae33861652d25093944b9959279200b7ae0badd32439f74de",
                "sha256:e6e448b62afc95c5b58f97e87ef84699e6607fe5c58730a03301c52496005cae",
                "sha256:f482e78de6e7b0b060ff994ffd859bddc3f7f382bb2019ef157b0ea8ca8712f5"
            ],
            "index": "pypi",
            "version": "==4.6.0.66"
        },
        "pafy": {
            "hashes": [
                "sha256:364f1d1312c89582d97dc7225cf6858cde27cb11dfd64a9c2bab1a2f32133b1e",
                "sha256:769e35aa6988686d47fa2ab235d15c9952c7873c470f6a6b05cf6bcd93e62515"
            ],
            "index": "pypi",
            "version": "==0.5.5"
        },
        "pandas": {
            "hashes": [
                "sha256:0183cb04a057cc38fde5244909fca9826d5d57c4a5b7390c0cc3fa7acd9fa883",
                "sha256:1fc87eac0541a7d24648a001d553406f4256e744d92df1df8ebe41829a915028",
                "sha256:220b98d15cee0b2cd839a6358bd1f273d0356bf964c1a1aeb32d47db0215488b",
                "sha256:2552bffc808641c6eb471e55aa6899fa002ac94e4eebfa9ec058649122db5824",
                "sha256:315e19a3e5c2ab47a67467fc0362cb36c7c60a93b6457f675d7d9615edad2ebe",
                "sha256:344021ed3e639e017b452aa8f5f6bf38a8806f5852e217a7594417fb9bbfa00e",
                "sha256:375262829c8c700c3e7cbb336810b94367b9c4889818bbd910d0ecb4e45dc261",
                "sha256:457d8c3d42314ff47cc2d6c54f8fc0d23954b47977b2caed09cd9635cb75388b",
                "sha256:4aed257c7484d01c9a194d9a94758b37d3d751849c05a0050c087a358c41ad1f",
                "sha256:530948945e7b6c95e6fa7aa4be2be25764af53fba93fe76d912e35d1c9ee46f5",
                "sha256:5ae7e989f12628f41e804847a8cc2943d362440132919a69429d4dea1f164da0",
                "sha256:71f510b0efe1629bf2f7c0eadb1ff0b9cf611e87b73cd017e6b7d6adb40e2b3a",
                "sha256:73f219fdc1777cf3c45fde7f0708732ec6950dfc598afc50588d0d285fddaefc",
                "sha256:8092a368d3eb7116e270525329a3e5c15ae796ccdf7ccb17839a73b4f5084a39",
                "sha256:82ae615826da838a8e5d4d630eb70c993ab8636f0eff13cb28aafc4291b632b5",
                "sha256:9608000a5a45f663be6af5c70c3cbe634fa19243e720eb380c0d378666bc7702",
                "sha256:a40dd1e9f22e01e66ed534d6a965eb99546b41d4d52dbdb66565608fde48203f",
                "sha256:b4f5a82afa4f1ff482ab8ded2ae8a453a2cdfde2001567b3ca24a4c5c5ca0db3",
                "sha256:c009a92e81ce836212ce7aa98b219db7961a8b95999b97af566b8dc8c33e9519",
                "sha256:c218796d59d5abd8780170c937b812c9637e84c32f8271bbf9845970f8c1351f",
                "sha256:cc3cd122bea268998b79adebbb8343b735a5511ec14efb70a39e7acbc11ccbdc",
                "sha256:d0d8fd58df5d17ddb8c72a5075d87cd80d71b542571b5f78178fb067fa4e9c72",
                "sha256:e18bc3764cbb5e118be139b3b611bc3fbc5d3be42a7e827d1096f46087b395eb",
                "sha256:e2b83abd292194f350bb04e188f9379d36b8dfac24dd445d5c87575f3beaf789",
                "sha256:e7469271497960b6a781eaa930cba8af400dd59b62ec9ca2f4d31a19f2f91090",
                "sha256:e9dbacd22555c2d47f262ef96bb4e30880e5956169741400af8b306bbb24a273",
                "sha256:f6257b314fc14958f8122779e5a1557517b0f8e500cfb2bd53fa1f75a8ad0af2"
            ],
            "index": "pypi",
            "version": "==1.5.2"
        },
        "pkgutil-resolve-name": {
            "hashes": [
                "sha256:357d6c9e6a755653cfd78893817c0853af365dd51ec97f3d358a819373bbd174",
                "sha256:ca27cc078d25c5ad71a9de0a7a330146c4e014c2462d9af19c6b828280649c5e"
            ],
            "index": "pypi",
            "version": "==1.3.10"
        },
        "ply": {
            "hashes": [
                "sha256:00c7c1aaa88358b9c765b6d3000c6eec0ba42abca5351b095321aef446081da3",
                "sha256:096f9b8350b65ebd2fd1346b12452efe5b9607f7482813ffca50c22722a807ce"
            ],
            "index": "pypi",
            "version": "==3.11"
        },
        "pyrsistent": {
            "hashes": [
                "sha256:055ab45d5911d7cae397dc418808d8802fb95262751872c841c170b0dbf51eed",
                "sha256:111156137b2e71f3a9936baf27cb322e8024dac3dc54ec7fb9f0bcf3249e68bb",
                "sha256:187d5730b0507d9285a96fca9716310d572e5464cadd19f22b63a6976254d77a",
                "sha256:21455e2b16000440e896ab99e8304617151981ed40c29e9507ef1c2e4314ee95",
                "sha256:2aede922a488861de0ad00c7630a6e2d57e8023e4be72d9d7147a9fcd2d30712",
                "sha256:3ba4134a3ff0fc7ad225b6b457d1309f4698108fb6b35532d015dca8f5abed73",
                "sha256:456cb30ca8bff00596519f2c53e42c245c09e1a4543945703acd4312949bfd41",
                "sha256:71d332b0320642b3261e9fee47ab9e65872c2bd90260e5d225dabeed93cbd42b",
                "sha256:879b4c2f4d41585c42df4d7654ddffff1239dc4065bc88b745f0341828b83e78",
                "sha256:9cd3e9978d12b5d99cbdc727a3022da0430ad007dacf33d0bf554b96427f33ab",
                "sha256:a178209e2df710e3f142cbd05313ba0c5ebed0a55d78d9945ac7a4e09d923308",
                "sha256:b39725209e06759217d1ac5fcdb510e98670af9e37223985f330b611f62e7425",
                "sha256:bfa0351be89c9fcbcb8c9879b826f4353be10f58f8a677efab0c017bf7137ec2",
                "sha256:bfd880614c6237243ff53a0539f1cb26987a6dc8ac6e66e0c5a40617296a045e",
                "sha256:c43bec251bbd10e3cb58ced80609c5c1eb238da9ca78b964aea410fb820d00d6",
                "sha256:d690b18ac4b3e3cab73b0b7aa7dbe65978a172ff94970ff98d82f2031f8971c2",
                "sha256:d6982b5a0237e1b7d876b60265564648a69b14017f3b5f908c5be2de3f9abb7a",
                "sha256:dec3eac7549869365fe263831f576c8457f6c833937c68542d08fde73457d291",
                "sha256:e371b844cec09d8dc424d940e54bba8f67a03ebea20ff7b7b0d56f526c71d584",
                "sha256:e5d8f84d81e3729c3b506657dddfe46e8ba9c330bf1858ee33108f8bb2adb38a",
                "sha256:ea6b79a02a28550c98b6ca9c35b9f492beaa54d7c5c9e9949555893c8a9234d0",
                "sha256:f1258f4e6c42ad0b20f9cfcc3ada5bd6b83374516cd01c0960e3cb75fdca6770"
            ],
            "index": "pypi",
            "version": "==0.19.2"
        },
        "python-dateutil": {
            "hashes": [
                "sha256:0123cacc1627ae19ddf3c27a5de5bd67ee4586fbdd6440d9748f8abb483d3e86",
                "sha256:961d03dc3453ebbc59dbdea9e4e11c5651520a876d0f4db161e8674aae935da9"
            ],
            "markers": "python_version >= '2.7' and python_version not in '3.0, 3.1, 3.2, 3.3'",
            "version": "==2.8.2"
        },
        "python-dotenv": {
            "hashes": [
                "sha256:32b2bdc1873fd3a3c346da1c6db83d0053c3c62f28f1f38516070c4c8971b1d3",
                "sha256:a5de49a31e953b45ff2d2fd434bbc2670e8db5273606c1e737cc6b93eff3655f"
            ],
            "index": "pypi",
            "version": "==0.19.2"
        },
        "python-engineio": {
            "hashes": [
                "sha256:7454314a529bba20e745928601ffeaf101c1b5aca9a6c4e48ad397803d10ea0c",
                "sha256:d8d8b072799c36cadcdcc2b40d2a560ce09797ab3d2d596b2ad519a5e4df19ae"
            ],
            "index": "pypi",
            "version": "==4.3.4"
        },
        "python-socketio": {
            "hashes": [
                "sha256:92395062d9db3c13d30e7cdedaa0e1330bba78505645db695415f9a3c628d097",
                "sha256:d9a9f047e6fdd306c852fbac36516f4b495c2096f8ad9ceb8803b8e5ff5622e3"
            ],
            "index": "pypi",
            "version": "==5.7.2"
        },
        "pytz": {
            "hashes": [
                "sha256:222439474e9c98fced559f1709d89e6c9cbf8d79c794ff3eb9f8800064291427",
                "sha256:e89512406b793ca39f5971bc999cc538ce125c0e51c27941bef4568b460095e2"
            ],
            "index": "pypi",
            "version": "==2022.6"
        },
        "rcssmin": {
            "hashes": [
                "sha256:271e3d2f8614a6d4637ed8fff3d90007f03e2a654cd9444f37d888797662ba72",
                "sha256:35da6a6999e9e2c5b0e691b42ed56cc479373e0ecab33ef5277dfecce625e44a",
                "sha256:42576d95dfad53d77df2e68dfdec95b89b10fad320f241f1af3ca1438578254a",
                "sha256:4f9400b4366d29f5f5446f58e78549afa8338e6a59740c73115e9f6ac413dc64",
                "sha256:705c9112d0ed54ea40aecf97e7fd29bdf0f1c46d278a32d8f957f31dde90778a",
                "sha256:79421230dd67c37ec61ed9892813d2b839b68f2f48ef55c75f976e81701d60b4",
                "sha256:868215e1fd0e92a6122e0ed5973dfc7bb8330fe1e92274d05b2585253b38c0ca",
                "sha256:8a26fec3c1e6b7a3765ccbaccc20fbb5c0ed3422cc381e01a2607f08d7621c44",
                "sha256:8fcfd10ae2a1c4ce231a33013f2539e07c3836bf17cc945cc25cc30bf8e68e45",
                "sha256:908fe072efd2432fb0975a61124609a8e05021367f6a3463d45f5e3e74c4fdda",
                "sha256:914e589f40573035006913861ed2adc28fbe70082a8b6bff5be7ee430b7b5c2e",
                "sha256:a04d58a2a21e9a089306d3f99c4b12bf5b656a79c198ef2321e80f8fd9afab06",
                "sha256:a417735d4023d47d048a6288c88dbceadd20abaaf65a11bb4fda1e8458057019",
                "sha256:c30f8bc839747b6da59274e0c6e4361915d66532e26448d589cb2b1846d7bf11",
                "sha256:c7278c1c25bb90d8e554df92cfb3b6a1195004ead50f764653d3093933ee0877",
                "sha256:c7728e3b546b1b6ea08cab721e8e21409dbcc11b881d0b87d10b0be8930af2a2",
                "sha256:cf74d7ea5e191f0f344b354eed8b7c83eeafbd9a97bec3a579c3d26edf11b005",
                "sha256:d0afc6e7b64ef30d6dcde88830ec1a237b9f16a39f920a8fd159928684ccf8db",
                "sha256:d4e263fa9428704fd94c2cb565c7519ca1d225217943f71caffe6741ab5b9df1",
                "sha256:e923c105100ab70abde1c01d3196ddd6b07255e32073685542be4e3a60870c8e",
                "sha256:ee386bec6d62f8c814d65c011d604a7c82d24aa3f718facd66e850eea8d6a5a1",
                "sha256:f15673e97f0a68b4c378c4d15b088fe96d60bc106d278c88829923118833c20f",
                "sha256:f7a1fcdbafaacac0530da04edca4a44303baab430ea42e7d59aece4b3f3e9a51"
            ],
            "index": "pypi",
            "version": "==1.1.1"
        },
        "setuptools": {
            "hashes": [
                "sha256:57f6f22bde4e042978bcd50176fdb381d7c21a9efa4041202288d3737a0c6a54",
                "sha256:a7620757bf984b58deaf32fc8a4577a9bbc0850cf92c20e1ce41c38c19e5fb75"
            ],
            "markers": "python_version >= '3.7'",
            "version": "==65.6.3"
        },
        "simplejpeg": {
            "hashes": [
                "sha256:02912fe75497a342e311e808a050af4da28052f1c7fd0936a15fb21035cfd7f7",
                "sha256:049754073d9a57f4941af86af335c04814c542e9c0befb444325bccd4a7fcf07",
                "sha256:087aea0e5da731fc0b4f3600c3f71e33697a9717596c71ee072b8963cd0aadd0",
                "sha256:0c57c06114397330eee87fcc6a1a7c24a1a901391dccce925164d9a0b08f6cc7",
                "sha256:0c822db4b3df4f5182587e8e246ebe2d5a1689912dc1b86e908f565e1f436aba",
                "sha256:0dd1cd7f9aad8f7f603cb11b9294cf8228e1b5f37f3e38185639b47d1d433c2e",
                "sha256:0f1a1f8f81379a7e1e6831585edc260781c37c253add56ae91ea9a308b3b2974",
                "sha256:1235ff17c56a3edd7e417ebe4a97ec4c2e6d2c110d39c40e401a5f1bcb4826b6",
                "sha256:12f8d4703bf1ed4585e5e0e06444664d93b3fedd9c61ade42754eeb1774fe470",
                "sha256:1325099edd6342e58c457af76dfc8da9f2e63b8ec133c1bc8e10fae2fe3a803c",
                "sha256:18aee91cc01b4d6ad7b45781eaa6fde06dbc6b19fa6643176c0dfd6ee68c73ff",
                "sha256:2006bd4a8a2c63655baaa4365fdf640eaf1ba96f267ae4ee03ce177d2c05578f",
                "sha256:28472a0ae6f3106ba182c62a4be08bfe011034502cf755b96cdd72f256fceafe",
                "sha256:31739d7016e4f633395ec78d0638ae2ef0efa4dfdc848efd5ad9fc0c1baac89f",
                "sha256:31c01f553d3dcaa94ae41c936fd46e59acf45139ca2f0812eeed5383ec0caeb1",
                "sha256:34e94824596d0fe331b8f614c3db9b5dff8ec72056de86a7774cc4dee9c7f778",
                "sha256:3ea614d5ee1fb5b7a9d076cd6185d0d47cb3239919c304dc7ede08f0c05dce98",
                "sha256:40949b9c17331dd4a44fac52f23bd11413b6ecfe1f15900164779032de00b633",
                "sha256:4163f0d8896d927d73bfd0effd8f1594581117bedf6fd9b6856da7309d08bb22",
                "sha256:49c80cebb911742841791077afa4e2a3467fb2f0d0704a48b76fae2a45b97c5a",
                "sha256:4ba11dde7a50047eb958e4c6b8a37059511b6da0007633285d5e80d12659f512",
                "sha256:6272c0e9503c7047e41b6470c3b7f9de168d4c97e9cc062a54e8273272010607",
                "sha256:6664b74423f07e4a214724ed70aaf39e2dee12de431f2d7e88155c694f62a394",
                "sha256:66d8588b23e49c08e28a6d1500067c333dca6cc8f8831755b658172a5354fd75",
                "sha256:6babfd566985880a5a8add06d2c3777bad0b333be3e64af4d66d1b51b6c83600",
                "sha256:6c33224c23fbaa0039846ed3a144db7537129f9aa1e53e8cdc1bd3230cbdf9b6",
                "sha256:756fe6d6e2054614d1f08a1f1dc4b9f131183e21b1a88440001a60dfc7f99984",
                "sha256:77dbfc974ecd070809e337383ddfd5f1e5881c5ec6db44709ce56c43dd37f8d7",
                "sha256:783541c5ba21d65db55162857dd6b33f380ac91bcb21b9f4e372754bca579965",
                "sha256:788dd8819bd11b7f52d958f3ab9259098cf895bd4f7e411dd9dd2172d5c41139",
                "sha256:79a7b8f6cbffdcf41bea935d54da0eaa595bb0cac9cea6f2f68f262873674cd5",
                "sha256:7aa71e8bd54112646d5433045c4bc1119683543b6971e651a269e996830fa9af",
                "sha256:7ca69db366fac0a182c6d54626e6664c0f7e5597e6aa70e79e56bcec5955bbe8",
                "sha256:7d1b56978ee069b892c830dd37c0ca8ed5d8a7cf1ce51ef250160e74f6768d99",
                "sha256:8393756752aa04ed2faaf032837531ea1552dace73d7f0307a2ad7e9fb271a5d",
                "sha256:8577026594c5f0e12d4613f89879f138c7c4e29df68e9bc8e6a2229490a8471f",
                "sha256:8e6f0eeb46b582cec9b60972fc572ea0d4b6e6dacbe43b2341ff757f6e8896b5",
                "sha256:90df8ce018f4e28eae0d2479ad5ecf39640d85a2a6e91bcef4a1766f0759734c",
                "sha256:9974bf24ab2b52295560d561ea0ceaef7496cf9a40388cb96244c7b9199bbb75",
                "sha256:9e4d8ec4479cdf72c3007d127f91fdc5a364bf5075281f81b90fb3ad1a15978f",
                "sha256:a0e142479518752ad33be1dba37623f1a82bc5b512054f87bd69870314c34bcf",
                "sha256:a3a1c31ba3e9fecc7a48e3670c496f86bfe55afd6ffe4bfe0cdcc21b5a101ac7",
                "sha256:a7af0b0770d7337616f211e97cc78bd36983bd58bea648dc589039e99c681909",
                "sha256:ab9658c4cd4fe23dae132820e1e2c745f239b07b3bd2a8406e5e4587e91bd83e",
                "sha256:bbe7fd64117f347846594cf98ddcf75e3875e95bd3d67842306639c4439111db",
                "sha256:c6b335a243877d16bd609b578b09f045172d8d8e0f9df155279ae47054aaaba4",
                "sha256:c95f6a6690b20f440f417596bb2acdee2fead13b2cfd62b95cc3d1b861e54ded",
                "sha256:cacbd3f158a3955ff02d945909d036fb447177b5d55797b7bee5462bd724f445",
                "sha256:d5646723cbed93357461c244c3128124f0dd524a8655f87f724b6ca3f50b59cb",
                "sha256:db887fb426ca015a2f181e8b0dc29a9738e4c2b4ea2984dd850d80044faed937",
                "sha256:e5ba224b8064747e8149b48e0ec071e37ccbbe6a70aadd279ff81ef129e9781d",
                "sha256:e83d0871edf8079a616120f237ebbcceddc855549adbdbf993bc2102f5128cad",
                "sha256:ec939555d934ec728ebc638342638378e2adc88da0424908d9d7841b910446c7",
                "sha256:f825b9d9ac8889039bf2e2997ded80e19292b6b81819e5eca7c5bad2e6b1c805"
            ],
            "index": "pypi",
            "version": "==1.6.5"
        },
        "six": {
            "hashes": [
                "sha256:1e61c37477a1626458e36f7b1d82aa5c9b094fa4802892072e49de9c60c4c926",
                "sha256:8abb2f1d86890a2dfb989f9a77cfcfd3e47c2a354b01111771326f8aa26e0254"
            ],
            "index": "pypi",
            "version": "==1.16.0"
        },
        "sqlalchemy": {
            "hashes": [
                "sha256:0072f9887aabe66db23f818bbe950cfa1b6127c5cb769b00bcc07935b3adb0ad",
                "sha256:027f356c727db24f3c75828c7feb426f87ce1241242d08958e454bd025810660",
                "sha256:08cfd35eecaba79be930c9bfd2e1f0c67a7e1314355d83a378f9a512b1cf7587",
                "sha256:0fc4eec2f46b40bdd42112b3be3fbbf88e194bcf02950fbb88bcdc1b32f07dc7",
                "sha256:101d2e100ba9182c9039699588e0b2d833c54b3bad46c67c192159876c9f27ea",
                "sha256:15b65887b6c324cad638c7671cb95985817b733242a7eb69edd7cdf6953be1e0",
                "sha256:37b46bfc4af3dc226acb6fa28ecd2e1fd223433dc5e15a2bad62bf0a0cbb4e8b",
                "sha256:56d9d62021946263d4478c9ca012fbd1805f10994cb615c88e7bfd1ae14604d8",
                "sha256:5919e647e1d4805867ea556ed4967c68b4d8b266059fa35020dbaed8ffdd60f3",
                "sha256:5a717c2e70fd1bb477161c4cc85258e41d978584fbe5522613618195f7e87d9b",
                "sha256:5e9cd33459afa69c88fa648e803d1f1245e3caa60bfe8b80a9595e5edd3bda9c",
                "sha256:621854dbb4d2413c759a5571564170de45ef37299df52e78e62b42e2880192e1",
                "sha256:78abc507d17753ed434b6cc0c0693126279723d5656d9775bfcac966a99a899b",
                "sha256:7dd0502cb091660ad0d89c5e95a29825f37cde2a5249957838e975871fbffaad",
                "sha256:804e22d5b6165a4f3f019dd9c94bec5687de985a9c54286b93ded9f7846b8c82",
                "sha256:878daecb6405e786b07f97e1c77a9cfbbbec17432e8a90c487967e32cfdecb33",
                "sha256:886359f734b95ad1ef443b13bb4518bcade4db4f9553c9ce33d6d04ebda8d44e",
                "sha256:9ce960a1dc60524136cf6f75621588e2508a117e04a6e3eedb0968bd13b8c824",
                "sha256:ad618d687d26d4cbfa9c6fa6141d59e05bcdfc60cb6e1f1d3baa18d8c62fef5f",
                "sha256:c5de7adfb91d351f44062b8dedf29f49d4af7cb765be65816e79223a4e31062b",
                "sha256:ceac84dd9abbbe115e8be0c817bed85d9fa639b4d294e7817f9e61162d5f766c",
                "sha256:da64423c05256f4ab8c0058b90202053b201cbe3a081f3a43eb590cd554395ab",
                "sha256:dc27dcc6c72eb38be7f144e9c2c4372d35a3684d3a6dd43bd98c1238358ee17c",
                "sha256:dd49d21d1f03c81fbec9080ecdc4486d5ddda67e7fbb75ebf48294465c022cdc",
                "sha256:debaf09a823061f88a8dee04949814cf7e82fb394c5bca22c780cb03172ca23b",
                "sha256:e027bdf0a4cf6bd0a3ad3b998643ea374d7991bd117b90bf9982e41ceb742941",
                "sha256:e4ddd4f2e247128c58bb3dd4489922874afce157d2cff0b2295d67fcd0f22494",
                "sha256:e5f6959466a42b6569774c257e55f9cd85200d5b0ba09f0f5d8b5845349c5822",
                "sha256:e89347d3bd2ef873832b47e85f4bbd810a5e626c5e749d90a07638da100eb1c8",
                "sha256:e9cc6d844e24c307c3272677982a9b33816aeb45e4977791c3bdd47637a8d810",
                "sha256:eb8c993706e86178ce15a6b86a335a2064f52254b640e7f53365e716423d33f4",
                "sha256:eeaebceb24b46e884c4ad3c04f37feb178b81f6ce720af19bfa2592ca32fdef7",
                "sha256:f3909194751bb6cb7c5511dd18bcf77e6e3f0b31604ed4004dffa9461f71e737",
                "sha256:f74d6c05d2d163464adbdfbc1ab85048cc15462ff7d134b8aed22bd521e1faa5",
                "sha256:fa2bad14e1474ba649cfc969c1d2ec915dd3e79677f346bbfe08e93ef9020b39",
                "sha256:fbc6e63e481fa323036f305ada96a3362e1d60dd2bfa026cac10c3553e6880e9"
            ],
            "index": "pypi",
            "version": "==1.4.29"
        },
        "werkzeug": {
            "hashes": [
                "sha256:1421ebfc7648a39a5c58c601b154165d05cf47a3cd0ccb70857cbdacf6c8f2b8",
                "sha256:b863f8ff057c522164b6067c9e28b041161b4be5ba4d0daceeaa50a163822d3c"
            ],
            "index": "pypi",
            "version": "==2.0.3"
        },
        "wtforms": {
            "hashes": [
                "sha256:232dbb0094847dca2f45c72136b5ca1d5dca2a3e24ccd2229823b8b74b3c6698",
                "sha256:4abfbaa1d529a1d0ac927d44af8dbb9833afd910e56448a103f1893b0b176886"
            ],
            "index": "pypi",
            "version": "==3.0.0"
        },
        "xxhash": {
            "hashes": [
                "sha256:00f2603b91fbb6fd1c3b83b263a405834e2df393fd2bac6a86e2e0ecc511076c",
                "sha256:02f9a6176152a64955b3dff89dfb2d3c9a7c93e862cbc37c0858e8e25d1f3f3c",
                "sha256:04812deabfdba3fa9cae57abb908a3f980bccbe9a4178f3e56afca2f1f625874",
                "sha256:0602b45447934fd5b81b387e76512a7c7c946b571b3f9a7d7b2cd9d3a09f9041",
                "sha256:0bce4ce403129c6cee69860cf2597d04f29c714797c11e8ec3b2b7b3677c4586",
                "sha256:0e86290486768b51478f320abca9fe61805578298b6e60719ec23bca85c60eec",
                "sha256:11d4af8d50b8b08835f653a96d58bb3658454144e5e4d28e369f4b3ad2bff4ea",
                "sha256:1980f79c8ab4536c01048eb6398db0ac2049292150064bef665fa4c89918f86c",
                "sha256:1ab8f652ffaed3855d25f7666f63bf1ee81ead4d9d30cc9e592571a3959d2964",
                "sha256:1f50cfc3e80fe241d25e557f7ca5a145d3d557bdf738cd2d355bfe1324c28d21",
                "sha256:216b90f30351fe434903bb039ae88df4c5ae43eb4320a012f6c73bec1d630213",
                "sha256:21e030031f13455c9bfc10ed58301fbee8fad0e179cc6a1b15e899d71af2958f",
                "sha256:2d65d773c4d9c8d1a88af8e0e2169910cfc3d425006e2eb18cd13a6391543ed1",
                "sha256:2e798287d6efcd51df12ac67f65ba7d78937be80c2c91bff2d17bf5404c63a24",
                "sha256:33f865b6eb9126a60345cf3106925a5039ef582b840d2df96f7777a160d0ef17",
                "sha256:362520c908887c85af832e16448bad58cb182d165a16241e3251bdd17bd427be",
                "sha256:369af334d58f6d2f716bd1557d3580c4c1235077090769abf1d54daec2b301a7",
                "sha256:379c37f2d46a441bdb71af79443990e21943ef644ffeed5662157a9a682d55be",
                "sha256:3a3d7cd6412a1d0d5e43be188a67f95326e5a8c5d2ae1ad10adf8f896e630091",
                "sha256:3a9e2052ac6520e1f56630ff689b2b85ccd24799d362493435cf46defe163cc1",
                "sha256:3ae86b9672ad4ef431b0e1d284530289382575e2569078071c7adcf5827b4995",
                "sha256:3c60ff7946e46beaa873509c1ca41937b40fc3048620cbd8441bfe03aa053f33",
                "sha256:3cb1c759c2a863dd963bdca8504c7ae39388dd1ef189fca91b94f18acb7bde26",
                "sha256:4143a1ad5f436550fcc091c80e7af23ec31cca1991750391067b24b051dcd0d7",
                "sha256:4521fed12d111bb2691ca0dc01fa8b36f6c626f53d9ee54befcea957e1b4dbaa",
                "sha256:4582e12d9aa25530449a8cad4e9e8e973e0b2f28e77ef6504fc6f216f8f07406",
                "sha256:4645b106732885fc488656657a5790dee4d8ffd123d2134647028f6575f2c05e",
                "sha256:53e587e6625bc9a7cfa5e067837590a626ff4150000ae31be2af73a67d08ea8c",
                "sha256:540966f42ccd0d3d09539a7236fbfdce6b15d7be49ee5d5adaef0aa0d020cd1e",
                "sha256:5c65cfb8fd3efd3d574a0cd4abbe59741f720334fa1d79e5366b34b0f4584b66",
                "sha256:5e9141f224a4dc984ea016744aa40a8a040054ef91933b2f9c81ba18e5b9d06e",
                "sha256:62cc09f3024ef1a0153e32ac6593025f20fae13b1bc5d08b639891ec110cacec",
                "sha256:6502a60ced52547e9c8e3eba3e5818ac0adca3e9abb5e32d2ee73a060f3dc362",
                "sha256:65a9aac88cc960b3a21a52922d5846f1b15af7a5b937a26c7edee1d3fe80800c",
                "sha256:694fd42161959382b70ea3442ea017675071dafe8b960849d5a599c4538737d8",
                "sha256:778f3c6007d280b6fff12f95c81d9c4ad6907632a0bfecf23aca18afb54319c0",
                "sha256:77c6d1e0993e8a314f4a6aec911c12fbb4caf4f58223381d3d41fa153ae6924f",
                "sha256:80b6cd0f781c198b0b53f78124658d0f407fbba7450e79d537505608bf4125ba",
                "sha256:83a7b89e0b8b26cb86369ca0a7395299e0046930664ce96cbc07702504af9a26",
                "sha256:84e9d14baccdf31e3c59ed34b9d00df52ad4db376dbbbaad936ea02b9be4a534",
                "sha256:8f32770a4b39ffe6a5785f87b66435b2e4048ba4a36334108ac5d375447ce667",
                "sha256:8f4089c92b7aac2ead222345b0368e7d69e7a61e7a56762ae2f5e8d67fb67349",
                "sha256:90d03b46fc06f9ca3c0a4db685df3efffeb880ebcef2ffee707057e09fb8cba2",
                "sha256:91bf72f009114320d9cbb452d5995286f2c6f70b3f53041f72654c4c1a8b79bd",
                "sha256:95175636d28943eaf3da331aa57c7d02756017880151e11f8476a2ef49dd35de",
                "sha256:9d4f9c8570e9adecae7d480090bcbf856b1d28f462c30c5cbe9f23b6418d6423",
                "sha256:a06311c247f2f45619e754249ca6f868c349fbfb63979ce291c83151840952a2",
                "sha256:a9efbc1c780ef3b578486eb250f5e93b2934c918386d981d96b7a06bae90c4d4",
                "sha256:aa4e22665290f2dfa608901c38b1a5f0d367280fd8adc5996356d7f4993f41f7",
                "sha256:ac21b1e21dc6fdfee9a57b53f4777539d53a84f2e1546a3f802f159f9966bdc1",
                "sha256:b0f1e298f80e302fd1b859e0b27f997eae82e9e9592843a1df2ca79122365ac1",
                "sha256:b16e7fc7991118c0b6cd9f5e141911110388f39df58b2996834619d2b956b4a8",
                "sha256:b43b55e0d2d81f4ec8caaf165a0a96325d7dd4317770b663701700f9aee855ed",
                "sha256:b74a787be31b8493797d3e7dfac2b240ed443bcd1b42dfbb406629538f103667",
                "sha256:b8810fa72d361262168c2b215e3cee223eb19b74806c08713b943f57f0c91fd6",
                "sha256:b9c56f45fd18879212b480dc44dc1da44a22d453e3b4038c4b686f6307124220",
                "sha256:bb07bb4125c432f500a76a84ef51c0eafc09afbd1479308c6e1e2bbb73a33bb4",
                "sha256:c58b2bc7240966f54db9ef7dcfcc988362b0a315c12ed13a778917457c8dfe9d",
                "sha256:c627840400b90a90d989ebef431b146e89e44377de42cd2e75996bbed394e3c5",
                "sha256:ca24dd052adf23e1fd8fb5839d9046328e60222a866fa3c2761e90ddab1fc2b8",
                "sha256:cb3032588cd46bc6d16b2b35cd7ff5041fcc90423ae7c8f62263a029ff8f1e5d",
                "sha256:cf20bca461ae45273599be8635b60b517d2212b51d6d5d85fc8c441078eb02ab",
                "sha256:d08ebd5313f6811ef76cde0f97179374b047442b918089a09019fed53b9f9cef",
                "sha256:d2324c31095708ceb7ee8c15b31bd1bea7376ca477748f9a20aba2e94d01fab1",
                "sha256:d30df80c8bc56aa55f545b1840d84ad6f773a3623b3e1462f17ebbd93c4c69ae",
                "sha256:d72b5d4eee98ecd25a2c647f7547a024585400ab13aa7ec837ebb8a25151bbef",
                "sha256:daa1a37685759003680bd2775053bbf772c4f71ad3c729810ea4901535635d5e",
                "sha256:de9758872881d50d0946dfc6067b4782986de6af5ec74c266d47d85c699aa0de",
                "sha256:dfa73020bc696a46dab2dddd28c76d1abcd0643dc8a2dd06a037392bda5cc5ec",
                "sha256:e24bab9aecdfba23c7feb3b173488ca6b3168a50095ff544dedc7caa0c05ac3c",
                "sha256:e5d54d8e01c34acf3361bb58c5022a92abc9d5054b919a1d483679d59989bbff",
                "sha256:ea074722fa953a1a3bece979620e2f0b43f2dfca841de84aca32a477c2fdb658",
                "sha256:edd65c4850231324af7a613e5647c1c484f3dcbcde4a0e608d099050c684ae79",
                "sha256:efafa866662f6ab50f1ffb808424ca9373d2f3b4a73e6ea66432dce1779f501c",
                "sha256:effd26669365a71e1337977ba789c95029c9cb0ac26e7455255922d3c9ff8fff",
                "sha256:f109a872aba254ffebe3c749a6b7148463e5d3168ac5afb515f1a929e73feb8f",
                "sha256:f2259f13de36b4e675840e50b16bcd5c6f7aec6f5e833af47b3a0186c19e92dd",
                "sha256:f7f1b27db4798f7ebe599107c75b2a0648fc1f9d9226fa2771fc296c5593dc7e",
                "sha256:fc93e4bd34fd14459672345ca4a070b0f28d906bea4b178373b4271498e38ec9"
            ],
            "index": "pypi",
            "version": "==3.1.0"
        },
        "youtube-dl": {
            "hashes": [
                "sha256:bc59e86c5d15d887ac590454511f08ce2c47698d5a82c27bfe27b5d814bbaed2",
                "sha256:f1336d5de68647e0364a47b3c0712578e59ec76f02048ff5c50ef1c69d79cd55"
            ],
            "index": "pypi",
            "version": "==2021.12.17"
        },
        "zipp": {
            "hashes": [
                "sha256:83a28fcb75844b5c0cdaf5aa4003c2d728c77e05f5aeabe8e95e56727005fbaa",
                "sha256:a7a22e05929290a67401440b39690ae6563279bced5f314609d9d03798f56766"
            ],
            "index": "pypi",
            "version": "==3.11.0"
        }
    },
    "develop": {}
}
